
Microsoft Visual Studio Solution File, Format Version 12.00
# Visual Studio 15
VisualStudioVersion = 15.0.28010.2050
MinimumVisualStudioVersion = 10.0.40219.1
Project("{8BC9CEB8-8B4A-11D0-8D11-00A0C91BC942}") = "计算三数最小值 输入时可用任意分隔符(基本)", "计算三数最小值 输入时可用任意分隔符(基本)\计算三数最小值 输入时可用任意分隔符(基本).vcxproj", "{DF7C71C1-674D-4E84-8054-FBD9A1A30003}"
EndProject
Global
	GlobalSection(SolutionConfigurationPlatforms) = preSolution
		Debug|x64 = Debug|x64
		Debug|x86 = Debug|x86
		Release|x64 = Release|x64
		Release|x86 = Release|x86
	EndGlobalSection
	GlobalSection(ProjectConfigurationPlatforms) = postSolution
		{DF7C71C1-674D-4E84-8054-FBD9A1A30003}.Debug|x64.ActiveCfg = Debug|x64
		{DF7C71C1-674D-4E84-8054-FBD9A1A30003}.Debug|x64.Build.0 = Debug|x64
		{DF7C71C1-674D-4E84-8054-FBD9A1A30003}.Debug|x86.ActiveCfg = Debug|Win32
		{DF7C71C1-674D-4E84-8054-FBD9A1A30003}.Debug|x86.Build.0 = Debug|Win32
		{DF7C71C1-674D-4E84-8054-FBD9A1A30003}.Release|x64.ActiveCfg = Release|x64
		{DF7C71C1-674D-4E84-8054-FBD9A1A30003}.Release|x64.Build.0 = Release|x64
		{DF7C71C1-674D-4E84-8054-FBD9A1A30003}.Release|x86.ActiveCfg = Release|Win32
		{DF7C71C1-674D-4E84-8054-FBD9A1A30003}.Release|x86.Build.0 = Release|Win32
	EndGlobalSection
	GlobalSection(SolutionProperties) = preSolution
		HideSolutionNode = FALSE
	EndGlobalSection
	GlobalSection(ExtensibilityGlobals) = postSolution
		SolutionGuid = {A5D815B0-AABB-4B15-AD00-5E85514CFFD9}
	EndGlobalSection
EndGlobal
